PODS:
  - Capacitor (1.5.1):
    - CapacitorCordova (= 1.5.1)
  - CapacitorCordova (1.5.1)
  - Kingfisher (5.13.2):
    - Kingfisher/Core (= 5.13.2)
  - Kingfisher/Core (5.13.2)
  - SDWebImage (5.6.1):
    - SDWebImage/Core (= 5.6.1)
  - SDWebImage/Core (5.6.1)

DEPENDENCIES:
  - Capacitor (~> 1.5)
  - Kingfisher (~> 5.0)
  - SDWebImage (~> 5.6)

SPEC REPOS:
  trunk:
    - Capacitor
    - CapacitorCordova
    - Kingfisher
    - SDWebImage

SPEC CHECKSUMS:
  Capacitor: 373adb05f4591a70c22adfe979b5a443ac1e9b0a
  CapacitorCordova: 169792fba40cc325d70b3cbca49d0563acdf5924
  Kingfisher: d342c8354c10c3d85a27d6d4c42c41285924b898
  SDWebImage: 7edb9c3ea661e77a66661f7f044de8c1b55d1120

PODFILE CHECKSUM: 0000df45fd7db9530b26dc1d75a7fddf601197b8

COCOAPODS: 1.8.4
